{
  "name": "@otl/extension",
  "version": "0.0.1",
  "lockfileVersion": 3,
  "requires": true,
  "packages": {
    "": {
      "name": "@otl/extension",
      "version": "0.0.1",
      "devDependencies": {
        "@types/chrome": "^0.0.268",
        "typescript": "^5.3.0",
        "wxt": "^0.19.0"
      }
    },
    "../../node_modules/.pnpm/@types+chrome@0.0.268/node_modules/@types/chrome": {
      "version": "0.0.268",
      "dev": true,
      "license": "MIT",
      "dependencies": {
        "@types/filesystem": "*",
        "@types/har-format": "*"
      }
    },
    "../../node_modules/.pnpm/typescript@5.9.3/node_modules/typescript": {
      "version": "5.9.3",
      "dev": true,
      "license": "Apache-2.0",
      "bin": {
        "tsc": "bin/tsc",
        "tsserver": "bin/tsserver"
      },
      "devDependencies": {
        "@dprint/formatter": "^0.4.1",
        "@dprint/typescript": "0.93.4",
        "@esfx/canceltoken": "^1.0.0",
        "@eslint/js": "^9.20.0",
        "@octokit/rest": "^21.1.1",
        "@types/chai": "^4.3.20",
        "@types/diff": "^7.0.1",
        "@types/minimist": "^1.2.5",
        "@types/mocha": "^10.0.10",
        "@types/ms": "^0.7.34",
        "@types/node": "latest",
        "@types/source-map-support": "^0.5.10",
        "@types/which": "^3.0.4",
        "@typescript-eslint/rule-tester": "^8.24.1",
        "@typescript-eslint/type-utils": "^8.24.1",
        "@typescript-eslint/utils": "^8.24.1",
        "azure-devops-node-api": "^14.1.0",
        "c8": "^10.1.3",
        "chai": "^4.5.0",
        "chokidar": "^4.0.3",
        "diff": "^7.0.0",
        "dprint": "^0.49.0",
        "esbuild": "^0.25.0",
        "eslint": "^9.20.1",
        "eslint-formatter-autolinkable-stylish": "^1.4.0",
        "eslint-plugin-regexp": "^2.7.0",
        "fast-xml-parser": "^4.5.2",
        "glob": "^10.4.5",
        "globals": "^15.15.0",
        "hereby": "^1.10.0",
        "jsonc-parser": "^3.3.1",
        "knip": "^5.44.4",
        "minimist": "^1.2.8",
        "mocha": "^10.8.2",
        "mocha-fivemat-progress-reporter": "^0.1.0",
        "monocart-coverage-reports": "^2.12.1",
        "ms": "^2.1.3",
        "picocolors": "^1.1.1",
        "playwright": "^1.50.1",
        "source-map-support": "^0.5.21",
        "tslib": "^2.8.1",
        "typescript": "^5.7.3",
        "typescript-eslint": "^8.24.1",
        "which": "^3.0.1"
      },
      "engines": {
        "node": ">=14.17"
      }
    },
    "../../node_modules/.pnpm/wxt@0.19.29_@types+node@20.19.27_rollup@4.54.0/node_modules/wxt": {
      "version": "0.19.29",
      "dev": true,
      "license": "MIT",
      "dependencies": {
        "@1natsu/wait-element": "^4.1.2",
        "@aklinker1/rollup-plugin-visualizer": "5.12.0",
        "@types/chrome": "^0.0.280",
        "@types/webextension-polyfill": "^0.12.1",
        "@webext-core/fake-browser": "^1.3.1",
        "@webext-core/isolated-element": "^1.1.2",
        "@webext-core/match-patterns": "^1.0.3",
        "@wxt-dev/storage": "^1.0.0",
        "async-mutex": "^0.5.0",
        "c12": "^3.0.2",
        "cac": "^6.7.14",
        "chokidar": "^4.0.3",
        "ci-info": "^4.1.0",
        "consola": "^3.2.3",
        "defu": "^6.1.4",
        "dotenv": "^16.4.5",
        "dotenv-expand": "^12.0.1",
        "esbuild": "^0.25.0",
        "fast-glob": "^3.3.2",
        "filesize": "^10.1.6",
        "fs-extra": "^11.2.0",
        "get-port-please": "^3.1.2",
        "giget": "^1.2.3",
        "hookable": "^5.5.3",
        "import-meta-resolve": "^4.1.0",
        "is-wsl": "^3.1.0",
        "jiti": "^2.4.2",
        "json5": "^2.2.3",
        "jszip": "^3.10.1",
        "linkedom": "^0.18.5",
        "magicast": "^0.3.5",
        "minimatch": "^10.0.1",
        "nano-spawn": "^0.2.0",
        "normalize-path": "^3.0.0",
        "nypm": "^0.3.12",
        "ohash": "^1.1.4",
        "open": "^10.1.0",
        "ora": "^8.1.1",
        "perfect-debounce": "^1.0.0",
        "picocolors": "^1.1.1",
        "prompts": "^2.4.2",
        "publish-browser-extension": "^2.3.0 || ^3.0.0",
        "scule": "^1.3.0",
        "unimport": "^3.13.1",
        "vite": "^5.0.0 || ^6.0.0",
        "vite-node": "^2.1.4 || ^3.0.0",
        "web-ext-run": "^0.2.1",
        "webextension-polyfill": "^0.12.0"
      },
      "bin": {
        "wxt": "bin/wxt.mjs",
        "wxt-publish-extension": "bin/wxt-publish-extension.cjs"
      },
      "devDependencies": {
        "@aklinker1/check": "^1.4.5",
        "@faker-js/faker": "^9.2.0",
        "@types/fs-extra": "^11.0.4",
        "@types/lodash.merge": "^4.6.9",
        "@types/node": "^20.17.6",
        "@types/normalize-path": "^3.0.2",
        "@types/prompts": "^2.4.9",
        "extract-zip": "^2.0.1",
        "happy-dom": "^17.1.8",
        "lodash.merge": "^4.6.2",
        "oxlint": "^0.11.1",
        "publint": "^0.2.12",
        "typescript": "^5.6.3",
        "unbuild": "^3.5.0",
        "vitest": "^3.0.7",
        "vitest-plugin-random-seed": "^1.1.1"
      },
      "funding": {
        "url": "https://github.com/sponsors/wxt-dev"
      },
      "peerDependenciesMeta": {
        "@types/chrome": {
          "optional": true
        }
      }
    },
    "node_modules/@types/chrome": {
      "resolved": "../../node_modules/.pnpm/@types+chrome@0.0.268/node_modules/@types/chrome",
      "link": true
    },
    "node_modules/typescript": {
      "resolved": "../../node_modules/.pnpm/typescript@5.9.3/node_modules/typescript",
      "link": true
    },
    "node_modules/wxt": {
      "resolved": "../../node_modules/.pnpm/wxt@0.19.29_@types+node@20.19.27_rollup@4.54.0/node_modules/wxt",
      "link": true
    }
  }
}
